
Microsoft Visual Studio Solution File, Format Version 12.00
# Visual Studio Version 17
VisualStudioVersion = 17.6.33829.357
MinimumVisualStudioVersion = 10.0.40219.1
Project("{FAE04EC0-301F-11D3-BF4B-00C04F79EFBC}") = "EjerciciosPracticos#4_DLL", "EjerciciosPracticos#4_DLL\EjerciciosPracticos#4_DLL.csproj", "{EAA524EA-E950-4E5E-8B3B-6DF787A94BFF}"
EndProject
Global
	GlobalSection(SolutionConfigurationPlatforms) = preSolution
		Debug|Any CPU = Debug|Any CPU
		Release|Any CPU = Release|Any CPU
	EndGlobalSection
	GlobalSection(ProjectConfigurationPlatforms) = postSolution
		{EAA524EA-E950-4E5E-8B3B-6DF787A94BFF}.Debug|Any CPU.ActiveCfg = Debug|Any CPU
		{EAA524EA-E950-4E5E-8B3B-6DF787A94BFF}.Debug|Any CPU.Build.0 = Debug|Any CPU
		{EAA524EA-E950-4E5E-8B3B-6DF787A94BFF}.Release|Any CPU.ActiveCfg = Release|Any CPU
		{EAA524EA-E950-4E5E-8B3B-6DF787A94BFF}.Release|Any CPU.Build.0 = Release|Any CPU
	EndGlobalSection
	GlobalSection(SolutionProperties) = preSolution
		HideSolutionNode = FALSE
	EndGlobalSection
	GlobalSection(ExtensibilityGlobals) = postSolution
		SolutionGuid = {75BF418C-4411-4088-AD52-7E3B035D3E75}
	EndGlobalSection
EndGlobal
